
Microsoft Visual Studio Solution File, Format Version 12.00
# Visual Studio 15
VisualStudioVersion = 15.0.26020.0
MinimumVisualStudioVersion = 10.0.40219.1
Project("{FAE04EC0-301F-11D3-BF4B-00C04F79EFBC}") = "HeboTech.NLF", "HeboTech.NLF\HeboTech.NLF.csproj", "{EB20C701-B45C-4688-B82A-2BB6BE0F3188}"
EndProject
Project("{FAE04EC0-301F-11D3-BF4B-00C04F79EFBC}") = "HeboTech.NLF.Loggers", "HeboTech.NLF.Loggers\HeboTech.NLF.Loggers.csproj", "{296736BE-4601-48BE-B853-69F75170EEFA}"
EndProject
Project("{FAE04EC0-301F-11D3-BF4B-00C04F79EFBC}") = "HeboTech.NLF.Test", "HeboTech.NLF.Test\HeboTech.NLF.Test.csproj", "{3E51F6EE-0AC8-4D35-83E8-AAF441BDB745}"
EndProject
Global
	GlobalSection(SolutionConfigurationPlatforms) = preSolution
		Debug|Any CPU = Debug|Any CPU
		Release|Any CPU = Release|Any CPU
	EndGlobalSection
	GlobalSection(ProjectConfigurationPlatforms) = postSolution
		{EB20C701-B45C-4688-B82A-2BB6BE0F3188}.Debug|Any CPU.ActiveCfg = Debug|Any CPU
		{EB20C701-B45C-4688-B82A-2BB6BE0F3188}.Debug|Any CPU.Build.0 = Debug|Any CPU
		{EB20C701-B45C-4688-B82A-2BB6BE0F3188}.Release|Any CPU.ActiveCfg = Release|Any CPU
		{EB20C701-B45C-4688-B82A-2BB6BE0F3188}.Release|Any CPU.Build.0 = Release|Any CPU
		{296736BE-4601-48BE-B853-69F75170EEFA}.Debug|Any CPU.ActiveCfg = Debug|Any CPU
		{296736BE-4601-48BE-B853-69F75170EEFA}.Debug|Any CPU.Build.0 = Debug|Any CPU
		{296736BE-4601-48BE-B853-69F75170EEFA}.Release|Any CPU.ActiveCfg = Release|Any CPU
		{296736BE-4601-48BE-B853-69F75170EEFA}.Release|Any CPU.Build.0 = Release|Any CPU
		{3E51F6EE-0AC8-4D35-83E8-AAF441BDB745}.Debug|Any CPU.ActiveCfg = Debug|Any CPU
		{3E51F6EE-0AC8-4D35-83E8-AAF441BDB745}.Debug|Any CPU.Build.0 = Debug|Any CPU
		{3E51F6EE-0AC8-4D35-83E8-AAF441BDB745}.Release|Any CPU.ActiveCfg = Release|Any CPU
		{3E51F6EE-0AC8-4D35-83E8-AAF441BDB745}.Release|Any CPU.Build.0 = Release|Any CPU
	EndGlobalSection
	GlobalSection(SolutionProperties) = preSolution
		HideSolutionNode = FALSE
	EndGlobalSection
EndGlobal
